
Microsoft Visual Studio Solution File, Format Version 12.00
# Visual Studio Version 16
VisualStudioVersion = 16.0.30611.23
MinimumVisualStudioVersion = 10.0.40219.1
Project("{9A19103F-16F7-4668-BE54-9A1E7A4F7556}") = "Bocatasion.Backoffice", "Bocatasion.Backoffice\Bocatasion.Backoffice.csproj", "{97854D26-194C-4092-B5F6-DE3DA5AD7BF1}"
EndProject
Project("{FAE04EC0-301F-11D3-BF4B-00C04F79EFBC}") = "Bocatasion.Backoffice.Testing", "Bocatasion.Backoffice.Testing\Bocatasion.Backoffice.Testing.csproj", "{EA8960FA-3AB6-4782-9D99-6A111DC53E7F}"
EndProject
Global
	GlobalSection(SolutionConfigurationPlatforms) = preSolution
		Debug|Any CPU = Debug|Any CPU
		Release|Any CPU = Release|Any CPU
	EndGlobalSection
	GlobalSection(ProjectConfigurationPlatforms) = postSolution
		{97854D26-194C-4092-B5F6-DE3DA5AD7BF1}.Debug|Any CPU.ActiveCfg = Debug|Any CPU
		{97854D26-194C-4092-B5F6-DE3DA5AD7BF1}.Debug|Any CPU.Build.0 = Debug|Any CPU
		{97854D26-194C-4092-B5F6-DE3DA5AD7BF1}.Release|Any CPU.ActiveCfg = Release|Any CPU
		{97854D26-194C-4092-B5F6-DE3DA5AD7BF1}.Release|Any CPU.Build.0 = Release|Any CPU
		{EA8960FA-3AB6-4782-9D99-6A111DC53E7F}.Debug|Any CPU.ActiveCfg = Debug|Any CPU
		{EA8960FA-3AB6-4782-9D99-6A111DC53E7F}.Debug|Any CPU.Build.0 = Debug|Any CPU
		{EA8960FA-3AB6-4782-9D99-6A111DC53E7F}.Release|Any CPU.ActiveCfg = Release|Any CPU
		{EA8960FA-3AB6-4782-9D99-6A111DC53E7F}.Release|Any CPU.Build.0 = Release|Any CPU
	EndGlobalSection
	GlobalSection(SolutionProperties) = preSolution
		HideSolutionNode = FALSE
	EndGlobalSection
	GlobalSection(ExtensibilityGlobals) = postSolution
		SolutionGuid = {ABFBC20C-F313-4871-B41D-818223515F35}
	EndGlobalSection
EndGlobal
